// !$*UTF8*$!
{
	archiveVersion = 1;
	classes = {
	};
	objectVersion = 77;
	objects = {

/* Begin PBXBuildFile section */
		7218E1962FF004AD00FEE524 /* PrivacyInfo.xcprivacy in Resources */ = {isa = PBXBuildFile; fileRef = 7218E1952FF004AD00FEE524 /* PrivacyInfo.xcprivacy */; };
/* End PBXBuildFile section */

/* Begin PBXContainerItemProxy section */
		7205BF152FCF61E6006FF9B6 /* PBXContainerItemProxy */ = {
			isa = PBXContainerItemProxy;
			containerPortal = 7205BEFD2FCF61E0006FF9B6 /* Project object */;
			proxyType = 1;
			remoteGlobalIDString = 7205BF042FCF61E0006FF9B6;
			remoteInfo = veera;
		};
		7205BF1F2FCF61E6006FF9B6 /* PBXContainerItemProxy */ = {
			isa = PBXContainerItemProxy;
			containerPortal = 7205BEFD2FCF61E0006FF9B6 /* Project object */;
			proxyType = 1;
			remoteGlobalIDString = 7205BF042FCF61E0006FF9B6;
			remoteInfo = veera;
		};
/* End PBXContainerItemProxy section */

/* Begin PBXCopyFilesBuildPhase section */
		72A311C62FD7BDE2002293FF /* Embed Foundation Extensions */ = {
			isa = PBXCopyFilesBuildPhase;
			buildActionMask = 2147483647;
			dstPath = "";
			dstSubfolderSpec = 13;
			files = (
			);
			name = "Embed Foundation Extensions";
			runOnlyForDeploymentPostprocessing = 0;
		};
/* End PBXCopyFilesBuildPhase section */

/* Begin PBXFileReference section */
		7205BF052FCF61E0006FF9B6 /* veera.app */ = {isa = PBXFileReference; explicitFileType = wrapper.application; includeInIndex = 0; path = veera.app; sourceTree = BUILT_PRODUCTS_DIR; };
		7205BF142FCF61E6006FF9B6 /* veeraTests.xctest */ = {isa = PBXFileReference; explicitFileType = wrapper.cfbundle; includeInIndex = 0; path = veeraTests.xctest; sourceTree = BUILT_PRODUCTS_DIR; };
		7205BF1E2FCF61E6006FF9B6 /* veeraUITests.xctest */ = {isa = PBXFileReference; explicitFileType = wrapper.cfbundle; includeInIndex = 0; path = veeraUITests.xctest; sourceTree = BUILT_PRODUCTS_DIR; };
		7218E1952FF004AD00FEE524 /* PrivacyInfo.xcprivacy */ = {isa = PBXFileReference; lastKnownFileType = text.xml; path = PrivacyInfo.xcprivacy; sourceTree = "<group>"; };
		72A3118B2FD7B6EC002293FF /* WidgetKit.framework */ = {isa = PBXFileReference; lastKnownFileType = wrapper.framework; name = WidgetKit.framework; path = System/Library/Frameworks/WidgetKit.framework; sourceTree = SDKROOT; };
		72A3118D2FD7B6EC002293FF /* SwiftUI.framework */ = {isa = PBXFileReference; lastKnownFileType = wrapper.framework; name = SwiftUI.framework; path = System/Library/Frameworks/SwiftUI.framework; sourceTree = SDKROOT; };
/* End PBXFileReference section */

/* Begin PBXFileSystemSynchronizedRootGroup section */
		7205BF072FCF61E0006FF9B6 /* veera */ = {
			isa = PBXFileSystemSynchronizedRootGroup;
			path = veera;
			sourceTree = "<group>";
		};
		7205BF172FCF61E6006FF9B6 /* veeraTests */ = {
			isa = PBXFileSystemSynchronizedRootGroup;
			path = veeraTests;
			sourceTree = "<group>";
		};
		7205BF212FCF61E6006FF9B6 /* veeraUITests */ = {
			isa = PBXFileSystemSynchronizedRootGroup;
			path = veeraUITests;
			sourceTree = "<group>";
		};
/* End PBXFileSystemSynchronizedRootGroup section */

/* Begin PBXFrameworksBuildPhase section */
		7205BF022FCF61E0006FF9B6 /* Frameworks */ = {
			isa = PBXFrameworksBuildPhase;
			buildActionMask = 2147483647;
			files = (
			);
			runOnlyForDeploymentPostprocessing = 0;
		};
		7205BF112FCF61E6006FF9B6 /* Frameworks */ = {
			isa = PBXFrameworksBuildPhase;
			buildActionMask = 2147483647;
			files = (
			);
			runOnlyForDeploymentPostprocessing = 0;
		};
		7205BF1B2FCF61E6006FF9B6 /* Frameworks */ = {
			isa = PBXFrameworksBuildPhase;
			buildActionMask = 2147483647;
			files = (
			);
			runOnlyForDeploymentPostprocessing = 0;
		};
/* End PBXFrameworksBuildPhase section */

/* Begin PBXGroup section */
		7205BEFC2FCF61E0006FF9B6 = {
			isa = PBXGroup;
			children = (
				7218E1952FF004AD00FEE524 /* PrivacyInfo.xcprivacy */,
				7205BF072FCF61E0006FF9B6 /* veera */,
				7205BF172FCF61E6006FF9B6 /* veeraTests */,
				7205BF212FCF61E6006FF9B6 /* veeraUITests */,
				72A3118A2FD7B6EC002293FF /* Frameworks */,
				7205BF062FCF61E0006FF9B6 /* Products */,
			);
			sourceTree = "<group>";
		};
		7205BF062FCF61E0006FF9B6 /* Products */ = {
			isa = PBXGroup;
			children = (
				7205BF052FCF61E0006FF9B6 /* veera.app */,
				7205BF142FCF61E6006FF9B6 /* veeraTests.xctest */,
				7205BF1E2FCF61E6006FF9B6 /* veeraUITests.xctest */,
			);
			name = Products;
			sourceTree = "<group>";
		};
		72A3118A2FD7B6EC002293FF /* Frameworks */ = {
			isa = PBXGroup;
			children = (
				72A3118B2FD7B6EC002293FF /* WidgetKit.framework */,
				72A3118D2FD7B6EC002293FF /* SwiftUI.framework */,
			);
			name = Frameworks;
			sourceTree = "<group>";
		};
/* End PBXGroup section */

/* Begin PBXNativeTarget section */
		7205BF042FCF61E0006FF9B6 /* veera */ = {
			isa = PBXNativeTarget;
			buildConfigurationList = 7205BF282FCF61E6006FF9B6 /* Build configuration list for PBXNativeTarget "veera" */;
			buildPhases = (
				7205BF012FCF61E0006FF9B6 /* Sources */,
				7205BF022FCF61E0006FF9B6 /* Frameworks */,
				7205BF032FCF61E0006FF9B6 /* Resources */,
				72A311C62FD7BDE2002293FF /* Embed Foundation Extensions */,
			);
			buildRules = (
			);
			dependencies = (
			);
			fileSystemSynchronizedGroups = (
				7205BF072FCF61E0006FF9B6 /* veera */,
			);
			name = veera;
			packageProductDependencies = (
			);
			productName = veera;
			productReference = 7205BF052FCF61E0006FF9B6 /* veera.app */;
			productType = "com.apple.product-type.application";
		};
		7205BF132FCF61E6006FF9B6 /* veeraTests */ = {
			isa = PBXNativeTarget;
			buildConfigurationList = 7205BF2B2FCF61E6006FF9B6 /* Build configuration list for PBXNativeTarget "veeraTests" */;
			buildPhases = (
				7205BF102FCF61E6006FF9B6 /* Sources */,
				7205BF112FCF61E6006FF9B6 /* Frameworks */,
				7205BF122FCF61E6006FF9B6 /* Resources */,
			);
			buildRules = (
			);
			dependencies = (
				7205BF162FCF61E6006FF9B6 /* PBXTargetDependency */,
			);
			fileSystemSynchronizedGroups = (
				7205BF172FCF61E6006FF9B6 /* veeraTests */,
			);
			name = veeraTests;
			packageProductDependencies = (
			);
			productName = veeraTests;
			productReference = 7205BF142FCF61E6006FF9B6 /* veeraTests.xctest */;
			productType = "com.apple.product-type.bundle.unit-test";
		};
		7205BF1D2FCF61E6006FF9B6 /* veeraUITests */ = {
			isa = PBXNativeTarget;
			buildConfigurationList = 7205BF2E2FCF61E6006FF9B6 /* Build configuration list for PBXNativeTarget "veeraUITests" */;
			buildPhases = (
				7205BF1A2FCF61E6006FF9B6 /* Sources */,
				7205BF1B2FCF61E6006FF9B6 /* Frameworks */,
				7205BF1C2FCF61E6006FF9B6 /* Resources */,
			);
			buildRules = (
			);
			dependencies = (
				7205BF202FCF61E6006FF9B6 /* PBXTargetDependency */,
			);
			fileSystemSynchronizedGroups = (
				7205BF212FCF61E6006FF9B6 /* veeraUITests */,
			);
			name = veeraUITests;
			packageProductDependencies = (
			);
			productName = veeraUITests;
			productReference = 7205BF1E2FCF61E6006FF9B6 /* veeraUITests.xctest */;
			productType = "com.apple.product-type.bundle.ui-testing";
		};
/* End PBXNativeTarget section */

/* Begin PBXProject section */
		7205BEFD2FCF61E0006FF9B6 /* Project object */ = {
			isa = PBXProject;
			attributes = {
				BuildIndependentTargetsInParallel = 1;
				LastSwiftUpdateCheck = 2650;
				LastUpgradeCheck = 2660;
				TargetAttributes = {
					7205BF042FCF61E0006FF9B6 = {
						CreatedOnToolsVersion = 26.5;
					};
					7205BF132FCF61E6006FF9B6 = {
						CreatedOnToolsVersion = 26.5;
						TestTargetID = 7205BF042FCF61E0006FF9B6;
					};
					7205BF1D2FCF61E6006FF9B6 = {
						CreatedOnToolsVersion = 26.5;
						TestTargetID = 7205BF042FCF61E0006FF9B6;
					};
				};
			};
			buildConfigurationList = 7205BF002FCF61E0006FF9B6 /* Build configuration list for PBXProject "veera" */;
			developmentRegion = en;
			hasScannedForEncodings = 0;
			knownRegions = (
				en,
				Base,
			);
			mainGroup = 7205BEFC2FCF61E0006FF9B6;
			minimizedProjectReferenceProxies = 1;
			preferredProjectObjectVersion = 77;
			productRefGroup = 7205BF062FCF61E0006FF9B6 /* Products */;
			projectDirPath = "";
			projectRoot = "";
			targets = (
				7205BF042FCF61E0006FF9B6 /* veera */,
				7205BF132FCF61E6006FF9B6 /* veeraTests */,
				7205BF1D2FCF61E6006FF9B6 /* veeraUITests */,
			);
		};
/* End PBXProject section */

/* Begin PBXResourcesBuildPhase section */
		7205BF032FCF61E0006FF9B6 /* Resources */ = {
			isa = PBXResourcesBuildPhase;
			buildActionMask = 2147483647;
			files = (
				7218E1962FF004AD00FEE524 /* PrivacyInfo.xcprivacy in Resources */,
			);
			runOnlyForDeploymentPostprocessing = 0;
		};
		7205BF122FCF61E6006FF9B6 /* Resources */ = {
			isa = PBXResourcesBuildPhase;
			buildActionMask = 2147483647;
			files = (
			);
			runOnlyForDeploymentPostprocessing = 0;
		};
		7205BF1C2FCF61E6006FF9B6 /* Resources */ = {
			isa = PBXResourcesBuildPhase;
			buildActionMask = 2147483647;
			files = (
			);
			runOnlyForDeploymentPostprocessing = 0;
		};
/* End PBXResourcesBuildPhase section */

/* Begin PBXSourcesBuildPhase section */
		7205BF012FCF61E0006FF9B6 /* Sources */ = {
			isa = PBXSourcesBuildPhase;
			buildActionMask = 2147483647;
			files = (
			);
			runOnlyForDeploymentPostprocessing = 0;
		};
		7205BF102FCF61E6006FF9B6 /* Sources */ = {
			isa = PBXSourcesBuildPhase;
			buildActionMask = 2147483647;
			files = (
			);
			runOnlyForDeploymentPostprocessing = 0;
		};
		7205BF1A2FCF61E6006FF9B6 /* Sources */ = {
			isa = PBXSourcesBuildPhase;
			buildActionMask = 2147483647;
			files = (
			);
			runOnlyForDeploymentPostprocessing = 0;
		};
/* End PBXSourcesBuildPhase section */

/* Begin PBXTargetDependency section */
		7205BF162FCF61E6006FF9B6 /* PBXTargetDependency */ = {
			isa = PBXTargetDependency;
			target = 7205BF042FCF61E0006FF9B6 /* veera */;
			targetProxy = 7205BF152FCF61E6006FF9B6 /* PBXContainerItemProxy */;
		};
		7205BF202FCF61E6006FF9B6 /* PBXTargetDependency */ = {
			isa = PBXTargetDependency;
			target = 7205BF042FCF61E0006FF9B6 /* veera */;
			targetProxy = 7205BF1F2FCF61E6006FF9B6 /* PBXContainerItemProxy */;
		};
/* End PBXTargetDependency section */

/* Begin XCBuildConfiguration section */
		7205BF262FCF61E6006FF9B6 /* Debug */ = {
			isa = XCBuildConfiguration;
			buildSettings = {
				ALWAYS_SEARCH_USER_PATHS = NO;
				ASSETCATALOG_COMPILER_GENERATE_SWIFT_ASSET_SYMBOL_EXTENSIONS = YES;
				CLANG_ANALYZER_NONNULL = YES;
				CLANG_ANALYZER_NUMBER_OBJECT_CONVERSION = YES_AGGRESSIVE;
				CLANG_CXX_LANGUAGE_STANDARD = "gnu++20";
				CLANG_ENABLE_MODULES = YES;
				CLANG_ENABLE_OBJC_ARC = YES;
				CLANG_ENABLE_OBJC_WEAK = YES;
				CLANG_WARN_BLOCK_CAPTURE_AUTORELEASING = YES;
				CLANG_WARN_BOOL_CONVERSION = YES;
				CLANG_WARN_COMMA = YES;
				CLANG_WARN_CONSTANT_CONVERSION = YES;
				CLANG_WARN_DEPRECATED_OBJC_IMPLEMENTATIONS = YES;
				CLANG_WARN_DIRECT_OBJC_ISA_USAGE = YES_ERROR;
				CLANG_WARN_DOCUMENTATION_COMMENTS = YES;
				CLANG_WARN_EMPTY_BODY = YES;
				CLANG_WARN_ENUM_CONVERSION = YES;
				CLANG_WARN_INFINITE_RECURSION = YES;
				CLANG_WARN_INT_CONVERSION = YES;
				CLANG_WARN_NON_LITERAL_NULL_CONVERSION = YES;
				CLANG_WARN_OBJC_IMPLICIT_RETAIN_SELF = YES;
				CLANG_WARN_OBJC_LITERAL_CONVERSION = YES;
				CLANG_WARN_OBJC_ROOT_CLASS = YES_ERROR;
				CLANG_WARN_QUOTED_INCLUDE_IN_FRAMEWORK_HEADER = YES;
				CLANG_WARN_RANGE_LOOP_ANALYSIS = YES;
				CLANG_WARN_STRICT_PROTOTYPES = YES;
				CLANG_WARN_SUSPICIOUS_MOVE = YES;
				CLANG_WARN_UNGUARDED_AVAILABILITY = YES_AGGRESSIVE;
				CLANG_WARN_UNREACHABLE_CODE = YES;
				CLANG_WARN__DUPLICATE_METHOD_MATCH = YES;
				COPY_PHASE_STRIP = NO;
				DEBUG_INFORMATION_FORMAT = dwarf;
				DEVELOPMENT_TEAM = K6PPKM9WF9;
				ENABLE_STRICT_OBJC_MSGSEND = YES;
				ENABLE_TESTABILITY = YES;
				ENABLE_USER_SCRIPT_SANDBOXING = YES;
				GCC_C_LANGUAGE_STANDARD = gnu17;
				GCC_DYNAMIC_NO_PIC = NO;
				GCC_NO_COMMON_BLOCKS = YES;
				GCC_OPTIMIZATION_LEVEL = 0;
				GCC_PREPROCESSOR_DEFINITIONS = (
					"DEBUG=1",
					"$(inherited)",
				);
				GCC_WARN_64_TO_32_BIT_CONVERSION = YES;
				GCC_WARN_ABOUT_RETURN_TYPE = YES_ERROR;
				GCC_WARN_UNDECLARED_SELECTOR = YES;
				GCC_WARN_UNINITIALIZED_AUTOS = YES_AGGRESSIVE;
				GCC_WARN_UNUSED_FUNCTION = YES;
				GCC_WARN_UNUSED_VARIABLE = YES;
				"INFOPLIST_KEY_CFBundleDisplayName[sdk=*]" = Veera;
				IPHONEOS_DEPLOYMENT_TARGET = 26.5;
				LOCALIZATION_PREFERS_STRING_CATALOGS = YES;
				MTL_ENABLE_DEBUG_INFO = INCLUDE_SOURCE;
				MTL_FAST_MATH = YES;
				ONLY_ACTIVE_ARCH = YES;
				SDKROOT = iphoneos;
				STRING_CATALOG_GENERATE_SYMBOLS = YES;
				SWIFT_ACTIVE_COMPILATION_CONDITIONS = "DEBUG $(inherited)";
				SWIFT_OPTIMIZATION_LEVEL = "-Onone";
			};
			name = Debug;
		};
		7205BF272FCF61E6006FF9B6 /* Release */ = {
			isa = XCBuildConfiguration;
			buildSettings = {
				ALWAYS_SEARCH_USER_PATHS = NO;
				ASSETCATALOG_COMPILER_GENERATE_SWIFT_ASSET_SYMBOL_EXTENSIONS = YES;
				CLANG_ANALYZER_NONNULL = YES;
				CLANG_ANALYZER_NUMBER_OBJECT_CONVERSION = YES_AGGRESSIVE;
				CLANG_CXX_LANGUAGE_STANDARD = "gnu++20";
				CLANG_ENABLE_MODULES = YES;
				CLANG_ENABLE_OBJC_ARC = YES;
				CLANG_ENABLE_OBJC_WEAK = YES;
				CLANG_WARN_BLOCK_CAPTURE_AUTORELEASING = YES;
				CLANG_WARN_BOOL_CONVERSION = YES;
				CLANG_WARN_COMMA = YES;
				CLANG_WARN_CONSTANT_CONVERSION = YES;
				CLANG_WARN_DEPRECATED_OBJC_IMPLEMENTATIONS = YES;
				CLANG_WARN_DIRECT_OBJC_ISA_USAGE = YES_ERROR;
				CLANG_WARN_DOCUMENTATION_COMMENTS = YES;
				CLANG_WARN_EMPTY_BODY = YES;
				CLANG_WARN_ENUM_CONVERSION = YES;
				CLANG_WARN_INFINITE_RECURSION = YES;
				CLANG_WARN_INT_CONVERSION = YES;
				CLANG_WARN_NON_LITERAL_NULL_CONVERSION = YES;
				CLANG_WARN_OBJC_IMPLICIT_RETAIN_SELF = YES;
				CLANG_WARN_OBJC_LITERAL_CONVERSION = YES;
				CLANG_WARN_OBJC_ROOT_CLASS = YES_ERROR;
				CLANG_WARN_QUOTED_INCLUDE_IN_FRAMEWORK_HEADER = YES;
				CLANG_WARN_RANGE_LOOP_ANALYSIS = YES;
				CLANG_WARN_STRICT_PROTOTYPES = YES;
				CLANG_WARN_SUSPICIOUS_MOVE = YES;
				CLANG_WARN_UNGUARDED_AVAILABILITY = YES_AGGRESSIVE;
				CLANG_WARN_UNREACHABLE_CODE = YES;
				CLANG_WARN__DUPLICATE_METHOD_MATCH = YES;
				COPY_PHASE_STRIP = NO;
				DEBUG_INFORMATION_FORMAT = "dwarf-with-dsym";
				DEVELOPMENT_TEAM = K6PPKM9WF9;
				ENABLE_NS_ASSERTIONS = NO;
				ENABLE_STRICT_OBJC_MSGSEND = YES;
				ENABLE_USER_SCRIPT_SANDBOXING = YES;
				GCC_C_LANGUAGE_STANDARD = gnu17;
				GCC_NO_COMMON_BLOCKS = YES;
				GCC_WARN_64_TO_32_BIT_CONVERSION = YES;
				GCC_WARN_ABOUT_RETURN_TYPE = YES_ERROR;
				GCC_WARN_UNDECLARED_SELECTOR = YES;
				GCC_WARN_UNINITIALIZED_AUTOS = YES_AGGRESSIVE;
				GCC_WARN_UNUSED_FUNCTION = YES;
				GCC_WARN_UNUSED_VARIABLE = YES;
				"INFOPLIST_KEY_CFBundleDisplayName[sdk=*]" = Veera;
				IPHONEOS_DEPLOYMENT_TARGET = 26.5;
				LOCALIZATION_PREFERS_STRING_CATALOGS = YES;
				MTL_ENABLE_DEBUG_INFO = NO;
				MTL_FAST_MATH = YES;
				SDKROOT = iphoneos;
				STRING_CATALOG_GENERATE_SYMBOLS = YES;
				SWIFT_COMPILATION_MODE = wholemodule;
				VALIDATE_PRODUCT = YES;
			};
			name = Release;
		};
		7205BF292FCF61E6006FF9B6 /* Debug */ = {
			isa = XCBuildConfiguration;
			buildSettings = {
				ASSETCATALOG_COMPILER_APPICON_NAME = AppIcon;
				ASSETCATALOG_COMPILER_GLOBAL_ACCENT_COLOR_NAME = AccentColor;
				CODE_SIGN_ENTITLEMENTS = veera/veera.entitlements;
				CODE_SIGN_STYLE = Automatic;
				CURRENT_PROJECT_VERSION = 1;
				ENABLE_PREVIEWS = YES;
				GENERATE_INFOPLIST_FILE = YES;
				INFOPLIST_KEY_CFBundleDisplayName = Veera;
				INFOPLIST_KEY_ITS = NO;
				INFOPLIST_KEY_NSCalendarsUsageDescription = "Veera mirrors task deadlines into your Calendar when you enable it in Settings.";
				INFOPLIST_KEY_NSHealthShareUsageDescription = "Veera reads daily totals — steps, sleep, mindfulness, workouts — to grant XP automatically.";
				INFOPLIST_KEY_NSRemindersUsageDescription = "Veera mirrors habit reminders into your Reminders list when you enable it in Settings.";
				INFOPLIST_KEY_UIApplicationSceneManifest_Generation = YES;
				INFOPLIST_KEY_UIApplicationSupportsIndirectInputEvents = YES;
				INFOPLIST_KEY_UILaunchScreen_Generation = YES;
				INFOPLIST_KEY_UISupportedInterfaceOrientations_iPad = "UIInterfaceOrientationPortrait UIInterfaceOrientationPortraitUpsideDown UIInterfaceOrientationLandscapeLeft UIInterfaceOrientationLandscapeRight";
				INFOPLIST_KEY_UISupportedInterfaceOrientations_iPhone = "UIInterfaceOrientationPortrait UIInterfaceOrientationLandscapeLeft UIInterfaceOrientationLandscapeRight";
				LD_RUNPATH_SEARCH_PATHS = (
					"$(inherited)",
					"@executable_path/Frameworks",
				);
				MARKETING_VERSION = 1.0;
				PRODUCT_BUNDLE_IDENTIFIER = com.kv.veera;
				PRODUCT_NAME = "$(TARGET_NAME)";
				STRING_CATALOG_GENERATE_SYMBOLS = YES;
				SWIFT_APPROACHABLE_CONCURRENCY = YES;
				SWIFT_DEFAULT_ACTOR_ISOLATION = MainActor;
				SWIFT_EMIT_LOC_STRINGS = YES;
				SWIFT_UPCOMING_FEATURE_MEMBER_IMPORT_VISIBILITY = YES;
				SWIFT_VERSION = 5.0;
				TARGETED_DEVICE_FAMILY = "1,2";
			};
			name = Debug;
		};
		7205BF2A2FCF61E6006FF9B6 /* Release */ = {
			isa = XCBuildConfiguration;
			buildSettings = {
				ASSETCATALOG_COMPILER_APPICON_NAME = AppIcon;
				ASSETCATALOG_COMPILER_GLOBAL_ACCENT_COLOR_NAME = AccentColor;
				CODE_SIGN_ENTITLEMENTS = veera/veera.entitlements;
				CODE_SIGN_STYLE = Automatic;
				CURRENT_PROJECT_VERSION = 1;
				ENABLE_PREVIEWS = YES;
				GENERATE_INFOPLIST_FILE = YES;
				INFOPLIST_KEY_CFBundleDisplayName = Veera;
				INFOPLIST_KEY_ITS = NO;
				INFOPLIST_KEY_NSCalendarsUsageDescription = "Veera mirrors task deadlines into your Calendar when you enable it in Settings.";
				INFOPLIST_KEY_NSHealthShareUsageDescription = "Veera reads daily totals — steps, sleep, mindfulness, workouts — to grant XP automatically.";
				INFOPLIST_KEY_NSRemindersUsageDescription = "Veera mirrors habit reminders into your Reminders list when you enable it in Settings.";
				INFOPLIST_KEY_UIApplicationSceneManifest_Generation = YES;
				INFOPLIST_KEY_UIApplicationSupportsIndirectInputEvents = YES;
				INFOPLIST_KEY_UILaunchScreen_Generation = YES;
				INFOPLIST_KEY_UISupportedInterfaceOrientations_iPad = "UIInterfaceOrientationPortrait UIInterfaceOrientationPortraitUpsideDown UIInterfaceOrientationLandscapeLeft UIInterfaceOrientationLandscapeRight";
				INFOPLIST_KEY_UISupportedInterfaceOrientations_iPhone = "UIInterfaceOrientationPortrait UIInterfaceOrientationLandscapeLeft UIInterfaceOrientationLandscapeRight";
				LD_RUNPATH_SEARCH_PATHS = (
					"$(inherited)",
					"@executable_path/Frameworks",
				);
				MARKETING_VERSION = 1.0;
				PRODUCT_BUNDLE_IDENTIFIER = com.kv.veera;
				PRODUCT_NAME = "$(TARGET_NAME)";
				STRING_CATALOG_GENERATE_SYMBOLS = YES;
				SWIFT_APPROACHABLE_CONCURRENCY = YES;
				SWIFT_DEFAULT_ACTOR_ISOLATION = MainActor;
				SWIFT_EMIT_LOC_STRINGS = YES;
				SWIFT_UPCOMING_FEATURE_MEMBER_IMPORT_VISIBILITY = YES;
				SWIFT_VERSION = 5.0;
				TARGETED_DEVICE_FAMILY = "1,2";
			};
			name = Release;
		};
		7205BF2C2FCF61E6006FF9B6 /* Debug */ = {
			isa = XCBuildConfiguration;
			buildSettings = {
				BUNDLE_LOADER = "$(TEST_HOST)";
				"CODE_SIGN_IDENTITY[sdk=macosx*]" = "Apple Development";
				CODE_SIGN_STYLE = Automatic;
				CURRENT_PROJECT_VERSION = 1;
				GENERATE_INFOPLIST_FILE = YES;
				IPHONEOS_DEPLOYMENT_TARGET = 26.5;
				MARKETING_VERSION = 1.0;
				PRODUCT_BUNDLE_IDENTIFIER = com.kv.veeraTests;
				PRODUCT_NAME = "$(TARGET_NAME)";
				STRING_CATALOG_GENERATE_SYMBOLS = NO;
				SWIFT_APPROACHABLE_CONCURRENCY = YES;
				SWIFT_EMIT_LOC_STRINGS = NO;
				SWIFT_UPCOMING_FEATURE_MEMBER_IMPORT_VISIBILITY = YES;
				SWIFT_VERSION = 5.0;
				TARGETED_DEVICE_FAMILY = "1,2";
				TEST_HOST = "$(BUILT_PRODUCTS_DIR)/veera.app/$(BUNDLE_EXECUTABLE_FOLDER_PATH)/veera";
			};
			name = Debug;
		};
		7205BF2D2FCF61E6006FF9B6 /* Release */ = {
			isa = XCBuildConfiguration;
			buildSettings = {
				BUNDLE_LOADER = "$(TEST_HOST)";
				"CODE_SIGN_IDENTITY[sdk=macosx*]" = "Apple Development";
				CODE_SIGN_STYLE = Automatic;
				CURRENT_PROJECT_VERSION = 1;
				GENERATE_INFOPLIST_FILE = YES;
				IPHONEOS_DEPLOYMENT_TARGET = 26.5;
				MARKETING_VERSION = 1.0;
				PRODUCT_BUNDLE_IDENTIFIER = com.kv.veeraTests;
				PRODUCT_NAME = "$(TARGET_NAME)";
				STRING_CATALOG_GENERATE_SYMBOLS = NO;
				SWIFT_APPROACHABLE_CONCURRENCY = YES;
				SWIFT_EMIT_LOC_STRINGS = NO;
				SWIFT_UPCOMING_FEATURE_MEMBER_IMPORT_VISIBILITY = YES;
				SWIFT_VERSION = 5.0;
				TARGETED_DEVICE_FAMILY = "1,2";
				TEST_HOST = "$(BUILT_PRODUCTS_DIR)/veera.app/$(BUNDLE_EXECUTABLE_FOLDER_PATH)/veera";
			};
			name = Release;
		};
		7205BF2F2FCF61E6006FF9B6 /* Debug */ = {
			isa = XCBuildConfiguration;
			buildSettings = {
				CODE_SIGN_STYLE = Automatic;
				CURRENT_PROJECT_VERSION = 1;
				GENERATE_INFOPLIST_FILE = YES;
				MARKETING_VERSION = 1.0;
				PRODUCT_BUNDLE_IDENTIFIER = com.kv.veeraUITests;
				PRODUCT_NAME = "$(TARGET_NAME)";
				STRING_CATALOG_GENERATE_SYMBOLS = NO;
				SWIFT_APPROACHABLE_CONCURRENCY = YES;
				SWIFT_EMIT_LOC_STRINGS = NO;
				SWIFT_UPCOMING_FEATURE_MEMBER_IMPORT_VISIBILITY = YES;
				SWIFT_VERSION = 5.0;
				TARGETED_DEVICE_FAMILY = "1,2";
				TEST_TARGET_NAME = veera;
			};
			name = Debug;
		};
		7205BF302FCF61E6006FF9B6 /* Release */ = {
			isa = XCBuildConfiguration;
			buildSettings = {
				CODE_SIGN_STYLE = Automatic;
				CURRENT_PROJECT_VERSION = 1;
				GENERATE_INFOPLIST_FILE = YES;
				MARKETING_VERSION = 1.0;
				PRODUCT_BUNDLE_IDENTIFIER = com.kv.veeraUITests;
				PRODUCT_NAME = "$(TARGET_NAME)";
				STRING_CATALOG_GENERATE_SYMBOLS = NO;
				SWIFT_APPROACHABLE_CONCURRENCY = YES;
				SWIFT_EMIT_LOC_STRINGS = NO;
				SWIFT_UPCOMING_FEATURE_MEMBER_IMPORT_VISIBILITY = YES;
				SWIFT_VERSION = 5.0;
				TARGETED_DEVICE_FAMILY = "1,2";
				TEST_TARGET_NAME = veera;
			};
			name = Release;
		};
/* End XCBuildConfiguration section */

/* Begin XCConfigurationList section */
		7205BF002FCF61E0006FF9B6 /* Build configuration list for PBXProject "veera" */ = {
			isa = XCConfigurationList;
			buildConfigurations = (
				7205BF262FCF61E6006FF9B6 /* Debug */,
				7205BF272FCF61E6006FF9B6 /* Release */,
			);
			defaultConfigurationIsVisible = 0;
			defaultConfigurationName = Release;
		};
		7205BF282FCF61E6006FF9B6 /* Build configuration list for PBXNativeTarget "veera" */ = {
			isa = XCConfigurationList;
			buildConfigurations = (
				7205BF292FCF61E6006FF9B6 /* Debug */,
				7205BF2A2FCF61E6006FF9B6 /* Release */,
			);
			defaultConfigurationIsVisible = 0;
			defaultConfigurationName = Release;
		};
		7205BF2B2FCF61E6006FF9B6 /* Build configuration list for PBXNativeTarget "veeraTests" */ = {
			isa = XCConfigurationList;
			buildConfigurations = (
				7205BF2C2FCF61E6006FF9B6 /* Debug */,
				7205BF2D2FCF61E6006FF9B6 /* Release */,
			);
			defaultConfigurationIsVisible = 0;
			defaultConfigurationName = Release;
		};
		7205BF2E2FCF61E6006FF9B6 /* Build configuration list for PBXNativeTarget "veeraUITests" */ = {
			isa = XCConfigurationList;
			buildConfigurations = (
				7205BF2F2FCF61E6006FF9B6 /* Debug */,
				7205BF302FCF61E6006FF9B6 /* Release */,
			);
			defaultConfigurationIsVisible = 0;
			defaultConfigurationName = Release;
		};
/* End XCConfigurationList section */
	};
	rootObject = 7205BEFD2FCF61E0006FF9B6 /* Project object */;
}
